
Microsoft Visual Studio Solution File, Format Version 12.00
# Visual Studio Version 17
VisualStudioVersion = 17.6.33815.320
MinimumVisualStudioVersion = 10.0.40219.1
Project("{FAE04EC0-301F-11D3-BF4B-00C04F79EFBC}") = "ArrayPOO2023.Consola", "ArrayPOO2023.Consola\ArrayPOO2023.Consola.csproj", "{915482E9-6099-440B-8F0B-EC9C1E052378}"
EndProject
Project("{FAE04EC0-301F-11D3-BF4B-00C04F79EFBC}") = "ArrayPOOO2023.Entidades", "ArrayPOOO2023.Entidades\ArrayPOOO2023.Entidades.csproj", "{9DBDD20E-AEC3-441B-A1FE-CDC52AF9CBF5}"
EndProject
Project("{FAE04EC0-301F-11D3-BF4B-00C04F79EFBC}") = "ArrayPOO2023.Test", "ArrayPOO2023.Test\ArrayPOO2023.Test.csproj", "{645F65DC-5A89-4D73-8265-E71CC9530B5A}"
EndProject
Global
	GlobalSection(SolutionConfigurationPlatforms) = preSolution
		Debug|Any CPU = Debug|Any CPU
		Release|Any CPU = Release|Any CPU
	EndGlobalSection
	GlobalSection(ProjectConfigurationPlatforms) = postSolution
		{915482E9-6099-440B-8F0B-EC9C1E052378}.Debug|Any CPU.ActiveCfg = Debug|Any CPU
		{915482E9-6099-440B-8F0B-EC9C1E052378}.Debug|Any CPU.Build.0 = Debug|Any CPU
		{915482E9-6099-440B-8F0B-EC9C1E052378}.Release|Any CPU.ActiveCfg = Release|Any CPU
		{915482E9-6099-440B-8F0B-EC9C1E052378}.Release|Any CPU.Build.0 = Release|Any CPU
		{9DBDD20E-AEC3-441B-A1FE-CDC52AF9CBF5}.Debug|Any CPU.ActiveCfg = Debug|Any CPU
		{9DBDD20E-AEC3-441B-A1FE-CDC52AF9CBF5}.Debug|Any CPU.Build.0 = Debug|Any CPU
		{9DBDD20E-AEC3-441B-A1FE-CDC52AF9CBF5}.Release|Any CPU.ActiveCfg = Release|Any CPU
		{9DBDD20E-AEC3-441B-A1FE-CDC52AF9CBF5}.Release|Any CPU.Build.0 = Release|Any CPU
		{645F65DC-5A89-4D73-8265-E71CC9530B5A}.Debug|Any CPU.ActiveCfg = Debug|Any CPU
		{645F65DC-5A89-4D73-8265-E71CC9530B5A}.Debug|Any CPU.Build.0 = Debug|Any CPU
		{645F65DC-5A89-4D73-8265-E71CC9530B5A}.Release|Any CPU.ActiveCfg = Release|Any CPU
		{645F65DC-5A89-4D73-8265-E71CC9530B5A}.Release|Any CPU.Build.0 = Release|Any CPU
	EndGlobalSection
	GlobalSection(SolutionProperties) = preSolution
		HideSolutionNode = FALSE
	EndGlobalSection
	GlobalSection(ExtensibilityGlobals) = postSolution
		SolutionGuid = {2D926017-D028-4FBC-8DE7-94CAE62D5AAF}
	EndGlobalSection
EndGlobal
